
Microsoft Visual Studio Solution File, Format Version 11.00
# Visual Studio 2010
Project("{FAE04EC0-301F-11D3-BF4B-00C04F79EFBC}") = "Assembly-CSharp", "Assembly-CSharp.csproj", "{5b9aa014-f5ac-285f-fa8b-d637405c7061}"
EndProject
Project("{FAE04EC0-301F-11D3-BF4B-00C04F79EFBC}") = "Assembly-CSharp-Editor", "Assembly-CSharp-Editor.csproj", "{2e72d52c-bf83-2d04-50f6-6575a34270f7}"
EndProject
Global
	GlobalSection(SolutionConfigurationPlatforms) = preSolution
		Debug|Any CPU = Debug|Any CPU
	EndGlobalSection
	GlobalSection(ProjectConfigurationPlatforms) = postSolution
		{5b9aa014-f5ac-285f-fa8b-d637405c7061}.Debug|Any CPU.ActiveCfg = Debug|Any CPU
		{5b9aa014-f5ac-285f-fa8b-d637405c7061}.Debug|Any CPU.Build.0 = Debug|Any CPU
		{2e72d52c-bf83-2d04-50f6-6575a34270f7}.Debug|Any CPU.ActiveCfg = Debug|Any CPU
		{2e72d52c-bf83-2d04-50f6-6575a34270f7}.Debug|Any CPU.Build.0 = Debug|Any CPU
	EndGlobalSection
	GlobalSection(SolutionProperties) = preSolution
		HideSolutionNode = FALSE
	EndGlobalSection
EndGlobal
